
Microsoft Visual Studio Solution File, Format Version 12.00
# Visual Studio Version 16
VisualStudioVersion = 16.0.31205.134
MinimumVisualStudioVersion = 10.0.40219.1
Project("{FAE04EC0-301F-11D3-BF4B-00C04F79EFBC}") = "weasel-controller", "weasel-controller\weasel-controller.csproj", "{4E491436-E2F3-4F02-A87F-FBDEB3AFE9DB}"
EndProject
Global
	GlobalSection(SolutionConfigurationPlatforms) = preSolution
		Debug|Any CPU = Debug|Any CPU
		Release|Any CPU = Release|Any CPU
	EndGlobalSection
	GlobalSection(ProjectConfigurationPlatforms) = postSolution
		{4E491436-E2F3-4F02-A87F-FBDEB3AFE9DB}.Debug|Any CPU.ActiveCfg = Debug|Any CPU
		{4E491436-E2F3-4F02-A87F-FBDEB3AFE9DB}.Debug|Any CPU.Build.0 = Debug|Any CPU
		{4E491436-E2F3-4F02-A87F-FBDEB3AFE9DB}.Release|Any CPU.ActiveCfg = Release|Any CPU
		{4E491436-E2F3-4F02-A87F-FBDEB3AFE9DB}.Release|Any CPU.Build.0 = Release|Any CPU
	EndGlobalSection
	GlobalSection(SolutionProperties) = preSolution
		HideSolutionNode = FALSE
	EndGlobalSection
	GlobalSection(ExtensibilityGlobals) = postSolution
		SolutionGuid = {4CBF6BD9-CD79-463E-A275-6BB05043D678}
	EndGlobalSection
EndGlobal
