
Microsoft Visual Studio Solution File, Format Version 12.00
# Visual Studio Version 17
VisualStudioVersion = 17.7.34031.279
MinimumVisualStudioVersion = 10.0.40219.1
Project("{FAE04EC0-301F-11D3-BF4B-00C04F79EFBC}") = "KukaMovementEditor", "KukaMovementEditor.csproj", "{AA26F798-38F8-47E7-802A-DF153A9D98B1}"
EndProject
Global
	GlobalSection(SolutionConfigurationPlatforms) = preSolution
		Debug|Any CPU = Debug|Any CPU
		Release|Any CPU = Release|Any CPU
	EndGlobalSection
	GlobalSection(ProjectConfigurationPlatforms) = postSolution
		{AA26F798-38F8-47E7-802A-DF153A9D98B1}.Debug|Any CPU.ActiveCfg = Debug|Any CPU
		{AA26F798-38F8-47E7-802A-DF153A9D98B1}.Debug|Any CPU.Build.0 = Debug|Any CPU
		{AA26F798-38F8-47E7-802A-DF153A9D98B1}.Release|Any CPU.ActiveCfg = Release|Any CPU
		{AA26F798-38F8-47E7-802A-DF153A9D98B1}.Release|Any CPU.Build.0 = Release|Any CPU
	EndGlobalSection
	GlobalSection(SolutionProperties) = preSolution
		HideSolutionNode = FALSE
	EndGlobalSection
	GlobalSection(ExtensibilityGlobals) = postSolution
		SolutionGuid = {B8592247-8F16-47F1-B866-84B2C29CB289}
	EndGlobalSection
EndGlobal
