
Microsoft Visual Studio Solution File, Format Version 12.00
# Visual Studio Version 17
VisualStudioVersion = 17.5.33530.505
MinimumVisualStudioVersion = 10.0.40219.1
Project("{FAE04EC0-301F-11D3-BF4B-00C04F79EFBC}") = "WeaselApp.Android", "WeaselApp.Android\WeaselApp.Android.csproj", "{30EEA46D-6850-48EA-910E-5DF316346EE3}"
EndProject
Project("{FAE04EC0-301F-11D3-BF4B-00C04F79EFBC}") = "WeaselApp.iOS", "WeaselApp.iOS\WeaselApp.iOS.csproj", "{EFF66161-0BE5-4E12-849E-5AC11151F2F7}"
EndProject
Project("{FAE04EC0-301F-11D3-BF4B-00C04F79EFBC}") = "WeaselApp", "WeaselApp\WeaselApp.csproj", "{27E04903-F241-4DFF-8C1C-FE23E4F9AA42}"
EndProject
Global
	GlobalSection(SolutionConfigurationPlatforms) = preSolution
		Debug|Any CPU = Debug|Any CPU
		Debug|iPhone = Debug|iPhone
		Debug|iPhoneSimulator = Debug|iPhoneSimulator
		Release|Any CPU = Release|Any CPU
		Release|iPhone = Release|iPhone
		Release|iPhoneSimulator = Release|iPhoneSimulator
	EndGlobalSection
	GlobalSection(ProjectConfigurationPlatforms) = postSolution
		{30EEA46D-6850-48EA-910E-5DF316346EE3}.Debug|Any CPU.ActiveCfg = Debug|Any CPU
		{30EEA46D-6850-48EA-910E-5DF316346EE3}.Debug|Any CPU.Build.0 = Debug|Any CPU
		{30EEA46D-6850-48EA-910E-5DF316346EE3}.Debug|Any CPU.Deploy.0 = Debug|Any CPU
		{30EEA46D-6850-48EA-910E-5DF316346EE3}.Debug|iPhone.ActiveCfg = Debug|Any CPU
		{30EEA46D-6850-48EA-910E-5DF316346EE3}.Debug|iPhone.Build.0 = Debug|Any CPU
		{30EEA46D-6850-48EA-910E-5DF316346EE3}.Debug|iPhone.Deploy.0 = Debug|Any CPU
		{30EEA46D-6850-48EA-910E-5DF316346EE3}.Debug|iPhoneSimulator.ActiveCfg = Debug|Any CPU
		{30EEA46D-6850-48EA-910E-5DF316346EE3}.Debug|iPhoneSimulator.Build.0 = Debug|Any CPU
		{30EEA46D-6850-48EA-910E-5DF316346EE3}.Debug|iPhoneSimulator.Deploy.0 = Debug|Any CPU
		{30EEA46D-6850-48EA-910E-5DF316346EE3}.Release|Any CPU.ActiveCfg = Release|Any CPU
		{30EEA46D-6850-48EA-910E-5DF316346EE3}.Release|Any CPU.Build.0 = Release|Any CPU
		{30EEA46D-6850-48EA-910E-5DF316346EE3}.Release|Any CPU.Deploy.0 = Release|Any CPU
		{30EEA46D-6850-48EA-910E-5DF316346EE3}.Release|iPhone.ActiveCfg = Release|Any CPU
		{30EEA46D-6850-48EA-910E-5DF316346EE3}.Release|iPhone.Build.0 = Release|Any CPU
		{30EEA46D-6850-48EA-910E-5DF316346EE3}.Release|iPhone.Deploy.0 = Release|Any CPU
		{30EEA46D-6850-48EA-910E-5DF316346EE3}.Release|iPhoneSimulator.ActiveCfg = Release|Any CPU
		{30EEA46D-6850-48EA-910E-5DF316346EE3}.Release|iPhoneSimulator.Build.0 = Release|Any CPU
		{30EEA46D-6850-48EA-910E-5DF316346EE3}.Release|iPhoneSimulator.Deploy.0 = Release|Any CPU
		{EFF66161-0BE5-4E12-849E-5AC11151F2F7}.Debug|Any CPU.ActiveCfg = Debug|iPhone
		{EFF66161-0BE5-4E12-849E-5AC11151F2F7}.Debug|Any CPU.Build.0 = Debug|iPhone
		{EFF66161-0BE5-4E12-849E-5AC11151F2F7}.Debug|Any CPU.Deploy.0 = Debug|iPhone
		{EFF66161-0BE5-4E12-849E-5AC11151F2F7}.Debug|iPhone.ActiveCfg = Debug|iPhone
		{EFF66161-0BE5-4E12-849E-5AC11151F2F7}.Debug|iPhone.Build.0 = Debug|iPhone
		{EFF66161-0BE5-4E12-849E-5AC11151F2F7}.Debug|iPhone.Deploy.0 = Debug|iPhone
		{EFF66161-0BE5-4E12-849E-5AC11151F2F7}.Debug|iPhoneSimulator.ActiveCfg = Debug|iPhoneSimulator
		{EFF66161-0BE5-4E12-849E-5AC11151F2F7}.Debug|iPhoneSimulator.Build.0 = Debug|iPhoneSimulator
		{EFF66161-0BE5-4E12-849E-5AC11151F2F7}.Debug|iPhoneSimulator.Deploy.0 = Debug|iPhoneSimulator
		{EFF66161-0BE5-4E12-849E-5AC11151F2F7}.Release|Any CPU.ActiveCfg = Release|iPhoneSimulator
		{EFF66161-0BE5-4E12-849E-5AC11151F2F7}.Release|Any CPU.Build.0 = Release|iPhoneSimulator
		{EFF66161-0BE5-4E12-849E-5AC11151F2F7}.Release|Any CPU.Deploy.0 = Release|iPhoneSimulator
		{EFF66161-0BE5-4E12-849E-5AC11151F2F7}.Release|iPhone.ActiveCfg = Release|iPhone
		{EFF66161-0BE5-4E12-849E-5AC11151F2F7}.Release|iPhone.Build.0 = Release|iPhone
		{EFF66161-0BE5-4E12-849E-5AC11151F2F7}.Release|iPhone.Deploy.0 = Release|iPhone
		{EFF66161-0BE5-4E12-849E-5AC11151F2F7}.Release|iPhoneSimulator.ActiveCfg = Release|iPhoneSimulator
		{EFF66161-0BE5-4E12-849E-5AC11151F2F7}.Release|iPhoneSimulator.Build.0 = Release|iPhoneSimulator
		{EFF66161-0BE5-4E12-849E-5AC11151F2F7}.Release|iPhoneSimulator.Deploy.0 = Release|iPhoneSimulator
		{27E04903-F241-4DFF-8C1C-FE23E4F9AA42}.Debug|Any CPU.ActiveCfg = Debug|Any CPU
		{27E04903-F241-4DFF-8C1C-FE23E4F9AA42}.Debug|Any CPU.Build.0 = Debug|Any CPU
		{27E04903-F241-4DFF-8C1C-FE23E4F9AA42}.Debug|Any CPU.Deploy.0 = Debug|Any CPU
		{27E04903-F241-4DFF-8C1C-FE23E4F9AA42}.Debug|iPhone.ActiveCfg = Debug|Any CPU
		{27E04903-F241-4DFF-8C1C-FE23E4F9AA42}.Debug|iPhone.Build.0 = Debug|Any CPU
		{27E04903-F241-4DFF-8C1C-FE23E4F9AA42}.Debug|iPhone.Deploy.0 = Debug|Any CPU
		{27E04903-F241-4DFF-8C1C-FE23E4F9AA42}.Debug|iPhoneSimulator.ActiveCfg = Debug|Any CPU
		{27E04903-F241-4DFF-8C1C-FE23E4F9AA42}.Debug|iPhoneSimulator.Build.0 = Debug|Any CPU
		{27E04903-F241-4DFF-8C1C-FE23E4F9AA42}.Debug|iPhoneSimulator.Deploy.0 = Debug|Any CPU
		{27E04903-F241-4DFF-8C1C-FE23E4F9AA42}.Release|Any CPU.ActiveCfg = Release|Any CPU
		{27E04903-F241-4DFF-8C1C-FE23E4F9AA42}.Release|Any CPU.Build.0 = Release|Any CPU
		{27E04903-F241-4DFF-8C1C-FE23E4F9AA42}.Release|Any CPU.Deploy.0 = Release|Any CPU
		{27E04903-F241-4DFF-8C1C-FE23E4F9AA42}.Release|iPhone.ActiveCfg = Release|Any CPU
		{27E04903-F241-4DFF-8C1C-FE23E4F9AA42}.Release|iPhone.Build.0 = Release|Any CPU
		{27E04903-F241-4DFF-8C1C-FE23E4F9AA42}.Release|iPhone.Deploy.0 = Release|Any CPU
		{27E04903-F241-4DFF-8C1C-FE23E4F9AA42}.Release|iPhoneSimulator.ActiveCfg = Release|Any CPU
		{27E04903-F241-4DFF-8C1C-FE23E4F9AA42}.Release|iPhoneSimulator.Build.0 = Release|Any CPU
		{27E04903-F241-4DFF-8C1C-FE23E4F9AA42}.Release|iPhoneSimulator.Deploy.0 = Release|Any CPU
	EndGlobalSection
	GlobalSection(SolutionProperties) = preSolution
		HideSolutionNode = FALSE
	EndGlobalSection
	GlobalSection(ExtensibilityGlobals) = postSolution
		SolutionGuid = {56DCAC5F-B71D-471F-AF9D-BF4229B50C2A}
	EndGlobalSection
EndGlobal
